{
  "name": "mneme",
  "version": "0.1.0",
  "lockfileVersion": 3,
  "requires": true,
  "packages": {
    "": {
      "name": "mneme",
      "version": "0.1.0",
      "dependencies": {
        "@zeppos/zml": "0.0.43"
      },
      "devDependencies": {
        "@zeppos/device-types": "^3.0.0"
      }
    },
    "node_modules/@zeppos/device-types": {
      "version": "3.0.1",
      "resolved": "https://registry.npmjs.org/@zeppos/device-types/-/device-types-3.0.1.tgz",
      "integrity": "sha512-7rUsKLFiTdwIU3NarEKbEoQjr2X1kE6/8ra+mM3+zXDnwhELPowwC4Sl5UGS71PjTa9Rb+s4WygOHkjeEmJcoA==",
      "dev": true,
      "license": "ISC"
    },
    "node_modules/@zeppos/zml": {
      "version": "0.0.43",
      "resolved": "https://registry.npmjs.org/@zeppos/zml/-/zml-0.0.43.tgz",
      "integrity": "sha512-3pmyT9qbNwcEh6Vu2khH+1OEeYInYm6zZWVQsp2Jz+UrvGo/xxp9cbqjfXiOh4LvM0b3p560tBWFtlROwKbL0w==",
      "license": "Apache-2.0"
    }
  }
}
